// !$*UTF8*$!
{
	archiveVersion = 1;
	classes = {
	};
	objectVersion = 50;
	objects = {

/* Begin PBXBuildFile section */
		CA57FBE221035400003AA814 /* AppDelegate.swift in Sources */ = {isa = PBXBuildFile; fileRef = CA57FBE121035400003AA814 /* AppDelegate.swift */; };
		CA57FBE721035400003AA814 /* Main.storyboard in Resources */ = {isa = PBXBuildFile; fileRef = CA57FBE521035400003AA814 /* Main.storyboard */; };
		CA57FBE921035401003AA814 /* Assets.xcassets in Resources */ = {isa = PBXBuildFile; fileRef = CA57FBE821035401003AA814 /* Assets.xcassets */; };
		CA57FBEC21035401003AA814 /* LaunchScreen.storyboard in Resources */ = {isa = PBXBuildFile; fileRef = CA57FBEA21035401003AA814 /* LaunchScreen.storyboard */; };
		CA57FBF421035876003AA814 /* ClockView.swift in Sources */ = {isa = PBXBuildFile; fileRef = CA57FBF321035876003AA814 /* ClockView.swift */; };
		CA57FBF621035885003AA814 /* ClockViewController.swift in Sources */ = {isa = PBXBuildFile; fileRef = CA57FBF521035885003AA814 /* ClockViewController.swift */; };
		CA57FBF82103641A003AA814 /* Date+HMS.swift in Sources */ = {isa = PBXBuildFile; fileRef = CA57FBF72103641A003AA814 /* Date+HMS.swift */; };
		CA57FBFA21036A26003AA814 /* UIView+AutoLayout.swift in Sources */ = {isa = PBXBuildFile; fileRef = CA57FBF921036A26003AA814 /* UIView+AutoLayout.swift */; };
/* End PBXBuildFile section */

/* Begin PBXFileReference section */
		CA57FBDE21035400003AA814 /* JustClock.app */ = {isa = PBXFileReference; explicitFileType = wrapper.application; includeInIndex = 0; path = JustClock.app; sourceTree = BUILT_PRODUCTS_DIR; };
		CA57FBE121035400003AA814 /* AppDelegate.swift */ = {isa = PBXFileReference; lastKnownFileType = sourcecode.swift; path = AppDelegate.swift; sourceTree = "<group>"; };
		CA57FBE621035400003AA814 /* Base */ = {isa = PBXFileReference; lastKnownFileType = file.storyboard; name = Base; path = Base.lproj/Main.storyboard; sourceTree = "<group>"; };
		CA57FBE821035401003AA814 /* Assets.xcassets */ = {isa = PBXFileReference; lastKnownFileType = folder.assetcatalog; path = Assets.xcassets; sourceTree = "<group>"; };
		CA57FBEB21035401003AA814 /* Base */ = {isa = PBXFileReference; lastKnownFileType = file.storyboard; name = Base; path = Base.lproj/LaunchScreen.storyboard; sourceTree = "<group>"; };
		CA57FBED21035401003AA814 /* Info.plist */ = {isa = PBXFileReference; lastKnownFileType = text.plist.xml; path = Info.plist; sourceTree = "<group>"; };
		CA57FBF321035876003AA814 /* ClockView.swift */ = {isa = PBXFileReference; lastKnownFileType = sourcecode.swift; path = ClockView.swift; sourceTree = "<group>"; };
		CA57FBF521035885003AA814 /* ClockViewController.swift */ = {isa = PBXFileReference; lastKnownFileType = sourcecode.swift; path = ClockViewController.swift; sourceTree = "<group>"; };
		CA57FBF72103641A003AA814 /* Date+HMS.swift */ = {isa = PBXFileReference; lastKnownFileType = sourcecode.swift; path = "Date+HMS.swift"; sourceTree = "<group>"; };
		CA57FBF921036A26003AA814 /* UIView+AutoLayout.swift */ = {isa = PBXFileReference; lastKnownFileType = sourcecode.swift; path = "UIView+AutoLayout.swift"; sourceTree = "<group>"; };
/* End PBXFileReference section */

/* Begin PBXFrameworksBuildPhase section */
		CA57FBDB21035400003AA814 /* Frameworks */ = {
			isa = PBXFrameworksBuildPhase;
			buildActionMask = 2147483647;
			files = (
			);
			runOnlyForDeploymentPostprocessing = 0;
		};
/* End PBXFrameworksBuildPhase section */

/* Begin PBXGroup section */
		CA57FBD5210353FF003AA814 = {
			isa = PBXGroup;
			children = (
				CA57FBE021035400003AA814 /* JustClock */,
				CA57FBDF21035400003AA814 /* Products */,
			);
			sourceTree = "<group>";
		};
		CA57FBDF21035400003AA814 /* Products */ = {
			isa = PBXGroup;
			children = (
				CA57FBDE21035400003AA814 /* JustClock.app */,
			);
			name = Products;
			sourceTree = "<group>";
		};
		CA57FBE021035400003AA814 /* JustClock */ = {
			isa = PBXGroup;
			children = (
				CA57FBF72103641A003AA814 /* Date+HMS.swift */,
				CA57FBF921036A26003AA814 /* UIView+AutoLayout.swift */,
				CA57FBF321035876003AA814 /* ClockView.swift */,
				CA57FBF521035885003AA814 /* ClockViewController.swift */,
				CA57FBE121035400003AA814 /* AppDelegate.swift */,
				CA57FBE521035400003AA814 /* Main.storyboard */,
				CA57FBE821035401003AA814 /* Assets.xcassets */,
				CA57FBEA21035401003AA814 /* LaunchScreen.storyboard */,
				CA57FBED21035401003AA814 /* Info.plist */,
			);
			path = JustClock;
			sourceTree = "<group>";
		};
/* End PBXGroup section */

/* Begin PBXNativeTarget section */
		CA57FBDD21035400003AA814 /* JustClock */ = {
			isa = PBXNativeTarget;
			buildConfigurationList = CA57FBF021035401003AA814 /* Build configuration list for PBXNativeTarget "JustClock" */;
			buildPhases = (
				CA57FBDA21035400003AA814 /* Sources */,
				CA57FBDB21035400003AA814 /* Frameworks */,
				CA57FBDC21035400003AA814 /* Resources */,
			);
			buildRules = (
			);
			dependencies = (
			);
			name = JustClock;
			productName = JustClock;
			productReference = CA57FBDE21035400003AA814 /* JustClock.app */;
			productType = "com.apple.product-type.application";
		};
/* End PBXNativeTarget section */

/* Begin PBXProject section */
		CA57FBD6210353FF003AA814 /* Project object */ = {
			isa = PBXProject;
			attributes = {
				LastSwiftUpdateCheck = 0940;
				LastUpgradeCheck = 0940;
				ORGANIZATIONNAME = Jiyoung.Jiwon;
				TargetAttributes = {
					CA57FBDD21035400003AA814 = {
						CreatedOnToolsVersion = 9.4.1;
					};
				};
			};
			buildConfigurationList = CA57FBD9210353FF003AA814 /* Build configuration list for PBXProject "JustClock" */;
			compatibilityVersion = "Xcode 9.3";
			developmentRegion = en;
			hasScannedForEncodings = 0;
			knownRegions = (
				en,
				Base,
			);
			mainGroup = CA57FBD5210353FF003AA814;
			productRefGroup = CA57FBDF21035400003AA814 /* Products */;
			projectDirPath = "";
			projectRoot = "";
			targets = (
				CA57FBDD21035400003AA814 /* JustClock */,
			);
		};
/* End PBXProject section */

/* Begin PBXResourcesBuildPhase section */
		CA57FBDC21035400003AA814 /* Resources */ = {
			isa = PBXResourcesBuildPhase;
			buildActionMask = 2147483647;
			files = (
				CA57FBEC21035401003AA814 /* LaunchScreen.storyboard in Resources */,
				CA57FBE921035401003AA814 /* Assets.xcassets in Resources */,
				CA57FBE721035400003AA814 /* Main.storyboard in Resources */,
			);
			runOnlyForDeploymentPostprocessing = 0;
		};
/* End PBXResourcesBuildPhase section */

/* Begin PBXSourcesBuildPhase section */
		CA57FBDA21035400003AA814 /* Sources */ = {
			isa = PBXSourcesBuildPhase;
			buildActionMask = 2147483647;
			files = (
				CA57FBFA21036A26003AA814 /* UIView+AutoLayout.swift in Sources */,
				CA57FBF621035885003AA814 /* ClockViewController.swift in Sources */,
				CA57FBE221035400003AA814 /* AppDelegate.swift in Sources */,
				CA57FBF82103641A003AA814 /* Date+HMS.swift in Sources */,
				CA57FBF421035876003AA814 /* ClockView.swift in Sources */,
			);
			runOnlyForDeploymentPostprocessing = 0;
		};
/* End PBXSourcesBuildPhase section */

/* Begin PBXVariantGroup section */
		CA57FBE521035400003AA814 /* Main.storyboard */ = {
			isa = PBXVariantGroup;
			children = (
				CA57FBE621035400003AA814 /* Base */,
			);
			name = Main.storyboard;
			sourceTree = "<group>";
		};
		CA57FBEA21035401003AA814 /* LaunchScreen.storyboard */ = {
			isa = PBXVariantGroup;
			children = (
				CA57FBEB21035401003AA814 /* Base */,
			);
			name = LaunchScreen.storyboard;
			sourceTree = "<group>";
		};
/* End PBXVariantGroup section */

/* Begin XCBuildConfiguration section */
		CA57FBEE21035401003AA814 /* Debug */ = {
			isa = XCBuildConfiguration;
			buildSettings = {
				ALWAYS_SEARCH_USER_PATHS = NO;
				CLANG_ANALYZER_NONNULL = YES;
				CLANG_ANALYZER_NUMBER_OBJECT_CONVERSION = YES_AGGRESSIVE;
				CLANG_CXX_LANGUAGE_STANDARD = "gnu++14";
				CLANG_CXX_LIBRARY = "libc++";
				CLANG_ENABLE_MODULES = YES;
				CLANG_ENABLE_OBJC_ARC = YES;
				CLANG_ENABLE_OBJC_WEAK = YES;
				CLANG_WARN_BLOCK_CAPTURE_AUTORELEASING = YES;
				CLANG_WARN_BOOL_CONVERSION = YES;
				CLANG_WARN_COMMA = YES;
				CLANG_WARN_CONSTANT_CONVERSION = YES;
				CLANG_WARN_DEPRECATED_OBJC_IMPLEMENTATIONS = YES;
				CLANG_WARN_DIRECT_OBJC_ISA_USAGE = YES_ERROR;
				CLANG_WARN_DOCUMENTATION_COMMENTS = YES;
				CLANG_WARN_EMPTY_BODY = YES;
				CLANG_WARN_ENUM_CONVERSION = YES;
				CLANG_WARN_INFINITE_RECURSION = YES;
				CLANG_WARN_INT_CONVERSION = YES;
				CLANG_WARN_NON_LITERAL_NULL_CONVERSION = YES;
				CLANG_WARN_OBJC_IMPLICIT_RETAIN_SELF = YES;
				CLANG_WARN_OBJC_LITERAL_CONVERSION = YES;
				CLANG_WARN_OBJC_ROOT_CLASS = YES_ERROR;
				CLANG_WARN_RANGE_LOOP_ANALYSIS = YES;
				CLANG_WARN_STRICT_PROTOTYPES = YES;
				CLANG_WARN_SUSPICIOUS_MOVE = YES;
				CLANG_WARN_UNGUARDED_AVAILABILITY = YES_AGGRESSIVE;
				CLANG_WARN_UNREACHABLE_CODE = YES;
				CLANG_WARN__DUPLICATE_METHOD_MATCH = YES;
				CODE_SIGN_IDENTITY = "iPhone Developer";
				COPY_PHASE_STRIP = NO;
				DEBUG_INFORMATION_FORMAT = dwarf;
				ENABLE_STRICT_OBJC_MSGSEND = YES;
				ENABLE_TESTABILITY = YES;
				GCC_C_LANGUAGE_STANDARD = gnu11;
				GCC_DYNAMIC_NO_PIC = NO;
				GCC_NO_COMMON_BLOCKS = YES;
				GCC_OPTIMIZATION_LEVEL = 0;
				GCC_PREPROCESSOR_DEFINITIONS = (
					"DEBUG=1",
					"$(inherited)",
				);
				GCC_WARN_64_TO_32_BIT_CONVERSION = YES;
				GCC_WARN_ABOUT_RETURN_TYPE = YES_ERROR;
				GCC_WARN_UNDECLARED_SELECTOR = YES;
				GCC_WARN_UNINITIALIZED_AUTOS = YES_AGGRESSIVE;
				GCC_WARN_UNUSED_FUNCTION = YES;
				GCC_WARN_UNUSED_VARIABLE = YES;
				IPHONEOS_DEPLOYMENT_TARGET = 11.4;
				MTL_ENABLE_DEBUG_INFO = YES;
				ONLY_ACTIVE_ARCH = YES;
				SDKROOT = iphoneos;
				SWIFT_ACTIVE_COMPILATION_CONDITIONS = DEBUG;
				SWIFT_OPTIMIZATION_LEVEL = "-Onone";
			};
			name = Debug;
		};
		CA57FBEF21035401003AA814 /* Release */ = {
			isa = XCBuildConfiguration;
			buildSettings = {
				ALWAYS_SEARCH_USER_PATHS = NO;
				CLANG_ANALYZER_NONNULL = YES;
				CLANG_ANALYZER_NUMBER_OBJECT_CONVERSION = YES_AGGRESSIVE;
				CLANG_CXX_LANGUAGE_STANDARD = "gnu++14";
				CLANG_CXX_LIBRARY = "libc++";
				CLANG_ENABLE_MODULES = YES;
				CLANG_ENABLE_OBJC_ARC = YES;
				CLANG_ENABLE_OBJC_WEAK = YES;
				CLANG_WARN_BLOCK_CAPTURE_AUTORELEASING = YES;
				CLANG_WARN_BOOL_CONVERSION = YES;
				CLANG_WARN_COMMA = YES;
				CLANG_WARN_CONSTANT_CONVERSION = YES;
				CLANG_WARN_DEPRECATED_OBJC_IMPLEMENTATIONS = YES;
				CLANG_WARN_DIRECT_OBJC_ISA_USAGE = YES_ERROR;
				CLANG_WARN_DOCUMENTATION_COMMENTS = YES;
				CLANG_WARN_EMPTY_BODY = YES;
				CLANG_WARN_ENUM_CONVERSION = YES;
				CLANG_WARN_INFINITE_RECURSION = YES;
				CLANG_WARN_INT_CONVERSION = YES;
				CLANG_WARN_NON_LITERAL_NULL_CONVERSION = YES;
				CLANG_WARN_OBJC_IMPLICIT_RETAIN_SELF = YES;
				CLANG_WARN_OBJC_LITERAL_CONVERSION = YES;
				CLANG_WARN_OBJC_ROOT_CLASS = YES_ERROR;
				CLANG_WARN_RANGE_LOOP_ANALYSIS = YES;
				CLANG_WARN_STRICT_PROTOTYPES = YES;
				CLANG_WARN_SUSPICIOUS_MOVE = YES;
				CLANG_WARN_UNGUARDED_AVAILABILITY = YES_AGGRESSIVE;
				CLANG_WARN_UNREACHABLE_CODE = YES;
				CLANG_WARN__DUPLICATE_METHOD_MATCH = YES;
				CODE_SIGN_IDENTITY = "iPhone Developer";
				COPY_PHASE_STRIP = NO;
				DEBUG_INFORMATION_FORMAT = "dwarf-with-dsym";
				ENABLE_NS_ASSERTIONS = NO;
				ENABLE_STRICT_OBJC_MSGSEND = YES;
				GCC_C_LANGUAGE_STANDARD = gnu11;
				GCC_NO_COMMON_BLOCKS = YES;
				GCC_WARN_64_TO_32_BIT_CONVERSION = YES;
				GCC_WARN_ABOUT_RETURN_TYPE = YES_ERROR;
				GCC_WARN_UNDECLARED_SELECTOR = YES;
				GCC_WARN_UNINITIALIZED_AUTOS = YES_AGGRESSIVE;
				GCC_WARN_UNUSED_FUNCTION = YES;
				GCC_WARN_UNUSED_VARIABLE = YES;
				IPHONEOS_DEPLOYMENT_TARGET = 11.4;
				MTL_ENABLE_DEBUG_INFO = NO;
				SDKROOT = iphoneos;
				SWIFT_COMPILATION_MODE = wholemodule;
				SWIFT_OPTIMIZATION_LEVEL = "-O";
				VALIDATE_PRODUCT = YES;
			};
			name = Release;
		};
		CA57FBF121035401003AA814 /* Debug */ = {
			isa = XCBuildConfiguration;
			buildSettings = {
				ASSETCATALOG_COMPILER_APPICON_NAME = AppIcon;
				CODE_SIGN_STYLE = Automatic;
				DEVELOPMENT_TEAM = XVT9A9T7RP;
				INFOPLIST_FILE = JustClock/Info.plist;
				LD_RUNPATH_SEARCH_PATHS = (
					"$(inherited)",
					"@executable_path/Frameworks",
				);
				PRODUCT_BUNDLE_IDENTIFIER = jj.JustClock;
				PRODUCT_NAME = "$(TARGET_NAME)";
				SWIFT_VERSION = 4.0;
				TARGETED_DEVICE_FAMILY = 1;
			};
			name = Debug;
		};
		CA57FBF221035401003AA814 /* Release */ = {
			isa = XCBuildConfiguration;
			buildSettings = {
				ASSETCATALOG_COMPILER_APPICON_NAME = AppIcon;
				CODE_SIGN_STYLE = Automatic;
				DEVELOPMENT_TEAM = XVT9A9T7RP;
				INFOPLIST_FILE = JustClock/Info.plist;
				LD_RUNPATH_SEARCH_PATHS = (
					"$(inherited)",
					"@executable_path/Frameworks",
				);
				PRODUCT_BUNDLE_IDENTIFIER = jj.JustClock;
				PRODUCT_NAME = "$(TARGET_NAME)";
				SWIFT_VERSION = 4.0;
				TARGETED_DEVICE_FAMILY = 1;
			};
			name = Release;
		};
/* End XCBuildConfiguration section */

/* Begin XCConfigurationList section */
		CA57FBD9210353FF003AA814 /* Build configuration list for PBXProject "JustClock" */ = {
			isa = XCConfigurationList;
			buildConfigurations = (
				CA57FBEE21035401003AA814 /* Debug */,
				CA57FBEF21035401003AA814 /* Release */,
			);
			defaultConfigurationIsVisible = 0;
			defaultConfigurationName = Release;
		};
		CA57FBF021035401003AA814 /* Build configuration list for PBXNativeTarget "JustClock" */ = {
			isa = XCConfigurationList;
			buildConfigurations = (
				CA57FBF121035401003AA814 /* Debug */,
				CA57FBF221035401003AA814 /* Release */,
			);
			defaultConfigurationIsVisible = 0;
			defaultConfigurationName = Release;
		};
/* End XCConfigurationList section */
	};
	rootObject = CA57FBD6210353FF003AA814 /* Project object */;
}
